// !$*UTF8*$!
{
	archiveVersion = 1;
	classes = {
	};
	objectVersion = 48;
	objects = {

/* Begin PBXBuildFile section */
		B4B7F0A7206D5ADA00074D30 /* AppDelegate.swift in Sources */ = {isa = PBXBuildFile; fileRef = B4B7F0A6206D5ADA00074D30 /* AppDelegate.swift */; };
		B4B7F0A9206D5ADA00074D30 /* ViewController.swift in Sources */ = {isa = PBXBuildFile; fileRef = B4B7F0A8206D5ADA00074D30 /* ViewController.swift */; };
		B4B7F0AC206D5ADA00074D30 /* Main.storyboard in Resources */ = {isa = PBXBuildFile; fileRef = B4B7F0AA206D5ADA00074D30 /* Main.storyboard */; };
		B4B7F0AE206D5ADA00074D30 /* Assets.xcassets in Resources */ = {isa = PBXBuildFile; fileRef = B4B7F0AD206D5ADA00074D30 /* Assets.xcassets */; };
		B4B7F0B1206D5ADA00074D30 /* LaunchScreen.storyboard in Resources */ = {isa = PBXBuildFile; fileRef = B4B7F0AF206D5ADA00074D30 /* LaunchScreen.storyboard */; };
		B4B7F0B9206D5C7400074D30 /* ViewModel.swift in Sources */ = {isa = PBXBuildFile; fileRef = B4B7F0B8206D5C7400074D30 /* ViewModel.swift */; };
		B4B7F0BB206E2B0E00074D30 /* Repository.swift in Sources */ = {isa = PBXBuildFile; fileRef = B4B7F0BA206E2B0E00074D30 /* Repository.swift */; };
		B4B7F0BD206E31A400074D30 /* Provider.swift in Sources */ = {isa = PBXBuildFile; fileRef = B4B7F0BC206E31A400074D30 /* Provider.swift */; };
		B4B7F0BF206E34C400074D30 /* Parser.swift in Sources */ = {isa = PBXBuildFile; fileRef = B4B7F0BE206E34C400074D30 /* Parser.swift */; };
		E75DADDF94A6015D31148B31 /* Pods_RxSwift_JS18_T_NETWORK.framework in Frameworks */ = {isa = PBXBuildFile; fileRef = 5166FD80855269B0C7459265 /* Pods_RxSwift_JS18_T_NETWORK.framework */; };
/* End PBXBuildFile section */

/* Begin PBXFileReference section */
		4D7177E6DB8B62FB0E212D58 /* Pods-RxSwift_JS18_T_NETWORK.debug.xcconfig */ = {isa = PBXFileReference; includeInIndex = 1; lastKnownFileType = text.xcconfig; name = "Pods-RxSwift_JS18_T_NETWORK.debug.xcconfig"; path = "Pods/Target Support Files/Pods-RxSwift_JS18_T_NETWORK/Pods-RxSwift_JS18_T_NETWORK.debug.xcconfig"; sourceTree = "<group>"; };
		5166FD80855269B0C7459265 /* Pods_RxSwift_JS18_T_NETWORK.framework */ = {isa = PBXFileReference; explicitFileType = wrapper.framework; includeInIndex = 0; path = Pods_RxSwift_JS18_T_NETWORK.framework; sourceTree = BUILT_PRODUCTS_DIR; };
		77AAF2F337ECE7E2CF8C2C06 /* Pods-RxSwift_JS18_T_NETWORK.release.xcconfig */ = {isa = PBXFileReference; includeInIndex = 1; lastKnownFileType = text.xcconfig; name = "Pods-RxSwift_JS18_T_NETWORK.release.xcconfig"; path = "Pods/Target Support Files/Pods-RxSwift_JS18_T_NETWORK/Pods-RxSwift_JS18_T_NETWORK.release.xcconfig"; sourceTree = "<group>"; };
		B4B7F0A3206D5ADA00074D30 /* RxSwift_JS18_T_NETWORK.app */ = {isa = PBXFileReference; explicitFileType = wrapper.application; includeInIndex = 0; path = RxSwift_JS18_T_NETWORK.app; sourceTree = BUILT_PRODUCTS_DIR; };
		B4B7F0A6206D5ADA00074D30 /* AppDelegate.swift */ = {isa = PBXFileReference; lastKnownFileType = sourcecode.swift; path = AppDelegate.swift; sourceTree = "<group>"; };
		B4B7F0A8206D5ADA00074D30 /* ViewController.swift */ = {isa = PBXFileReference; lastKnownFileType = sourcecode.swift; path = ViewController.swift; sourceTree = "<group>"; };
		B4B7F0AB206D5ADA00074D30 /* Base */ = {isa = PBXFileReference; lastKnownFileType = file.storyboard; name = Base; path = Base.lproj/Main.storyboard; sourceTree = "<group>"; };
		B4B7F0AD206D5ADA00074D30 /* Assets.xcassets */ = {isa = PBXFileReference; lastKnownFileType = folder.assetcatalog; path = Assets.xcassets; sourceTree = "<group>"; };
		B4B7F0B0206D5ADA00074D30 /* Base */ = {isa = PBXFileReference; lastKnownFileType = file.storyboard; name = Base; path = Base.lproj/LaunchScreen.storyboard; sourceTree = "<group>"; };
		B4B7F0B2206D5ADA00074D30 /* Info.plist */ = {isa = PBXFileReference; lastKnownFileType = text.plist.xml; path = Info.plist; sourceTree = "<group>"; };
		B4B7F0B8206D5C7400074D30 /* ViewModel.swift */ = {isa = PBXFileReference; lastKnownFileType = sourcecode.swift; path = ViewModel.swift; sourceTree = "<group>"; };
		B4B7F0BA206E2B0E00074D30 /* Repository.swift */ = {isa = PBXFileReference; lastKnownFileType = sourcecode.swift; path = Repository.swift; sourceTree = "<group>"; };
		B4B7F0BC206E31A400074D30 /* Provider.swift */ = {isa = PBXFileReference; lastKnownFileType = sourcecode.swift; path = Provider.swift; sourceTree = "<group>"; };
		B4B7F0BE206E34C400074D30 /* Parser.swift */ = {isa = PBXFileReference; lastKnownFileType = sourcecode.swift; path = Parser.swift; sourceTree = "<group>"; };
/* End PBXFileReference section */

/* Begin PBXFrameworksBuildPhase section */
		B4B7F0A0206D5ADA00074D30 /* Frameworks */ = {
			isa = PBXFrameworksBuildPhase;
			buildActionMask = 2147483647;
			files = (
				E75DADDF94A6015D31148B31 /* Pods_RxSwift_JS18_T_NETWORK.framework in Frameworks */,
			);
			runOnlyForDeploymentPostprocessing = 0;
		};
/* End PBXFrameworksBuildPhase section */

/* Begin PBXGroup section */
		342F1834B0A301213ECC0B4D /* Pods */ = {
			isa = PBXGroup;
			children = (
				4D7177E6DB8B62FB0E212D58 /* Pods-RxSwift_JS18_T_NETWORK.debug.xcconfig */,
				77AAF2F337ECE7E2CF8C2C06 /* Pods-RxSwift_JS18_T_NETWORK.release.xcconfig */,
			);
			name = Pods;
			sourceTree = "<group>";
		};
		8A014FC1D6E4E0B35FEF96EC /* Frameworks */ = {
			isa = PBXGroup;
			children = (
				5166FD80855269B0C7459265 /* Pods_RxSwift_JS18_T_NETWORK.framework */,
			);
			name = Frameworks;
			sourceTree = "<group>";
		};
		B4B7F09A206D5ADA00074D30 = {
			isa = PBXGroup;
			children = (
				B4B7F0A5206D5ADA00074D30 /* RxSwift_JS18_T_NETWORK */,
				B4B7F0A4206D5ADA00074D30 /* Products */,
				342F1834B0A301213ECC0B4D /* Pods */,
				8A014FC1D6E4E0B35FEF96EC /* Frameworks */,
			);
			sourceTree = "<group>";
		};
		B4B7F0A4206D5ADA00074D30 /* Products */ = {
			isa = PBXGroup;
			children = (
				B4B7F0A3206D5ADA00074D30 /* RxSwift_JS18_T_NETWORK.app */,
			);
			name = Products;
			sourceTree = "<group>";
		};
		B4B7F0A5206D5ADA00074D30 /* RxSwift_JS18_T_NETWORK */ = {
			isa = PBXGroup;
			children = (
				B4B7F0A6206D5ADA00074D30 /* AppDelegate.swift */,
				B4B7F0C2206E35F000074D30 /* API */,
				B4B7F0C1206E35E300074D30 /* VM */,
				B4B7F0C0206E35DA00074D30 /* VC */,
				B4B7F0AA206D5ADA00074D30 /* Main.storyboard */,
				B4B7F0AD206D5ADA00074D30 /* Assets.xcassets */,
				B4B7F0AF206D5ADA00074D30 /* LaunchScreen.storyboard */,
				B4B7F0B2206D5ADA00074D30 /* Info.plist */,
			);
			path = RxSwift_JS18_T_NETWORK;
			sourceTree = "<group>";
		};
		B4B7F0C0206E35DA00074D30 /* VC */ = {
			isa = PBXGroup;
			children = (
				B4B7F0A8206D5ADA00074D30 /* ViewController.swift */,
			);
			name = VC;
			sourceTree = "<group>";
		};
		B4B7F0C1206E35E300074D30 /* VM */ = {
			isa = PBXGroup;
			children = (
				B4B7F0B8206D5C7400074D30 /* ViewModel.swift */,
			);
			name = VM;
			sourceTree = "<group>";
		};
		B4B7F0C2206E35F000074D30 /* API */ = {
			isa = PBXGroup;
			children = (
				B4B7F0BA206E2B0E00074D30 /* Repository.swift */,
				B4B7F0BE206E34C400074D30 /* Parser.swift */,
				B4B7F0BC206E31A400074D30 /* Provider.swift */,
			);
			path = API;
			sourceTree = "<group>";
		};
/* End PBXGroup section */

/* Begin PBXNativeTarget section */
		B4B7F0A2206D5ADA00074D30 /* RxSwift_JS18_T_NETWORK */ = {
			isa = PBXNativeTarget;
			buildConfigurationList = B4B7F0B5206D5ADA00074D30 /* Build configuration list for PBXNativeTarget "RxSwift_JS18_T_NETWORK" */;
			buildPhases = (
				9F0749AFC3F1DEDA80FA4B7D /* [CP] Check Pods Manifest.lock */,
				B4B7F09F206D5ADA00074D30 /* Sources */,
				B4B7F0A0206D5ADA00074D30 /* Frameworks */,
				B4B7F0A1206D5ADA00074D30 /* Resources */,
				DDC74276F913BA074AC3C234 /* [CP] Embed Pods Frameworks */,
				0004D277F16D9B69F4163BCA /* [CP] Copy Pods Resources */,
			);
			buildRules = (
			);
			dependencies = (
			);
			name = RxSwift_JS18_T_NETWORK;
			productName = RxSwift_JS18_T_NETWORK;
			productReference = B4B7F0A3206D5ADA00074D30 /* RxSwift_JS18_T_NETWORK.app */;
			productType = "com.apple.product-type.application";
		};
/* End PBXNativeTarget section */

/* Begin PBXProject section */
		B4B7F09B206D5ADA00074D30 /* Project object */ = {
			isa = PBXProject;
			attributes = {
				LastSwiftUpdateCheck = 0920;
				LastUpgradeCheck = 0920;
				ORGANIZATIONNAME = icologic;
				TargetAttributes = {
					B4B7F0A2206D5ADA00074D30 = {
						CreatedOnToolsVersion = 9.2;
						ProvisioningStyle = Automatic;
					};
				};
			};
			buildConfigurationList = B4B7F09E206D5ADA00074D30 /* Build configuration list for PBXProject "RxSwift_JS18_T_NETWORK" */;
			compatibilityVersion = "Xcode 8.0";
			developmentRegion = en;
			hasScannedForEncodings = 0;
			knownRegions = (
				en,
				Base,
			);
			mainGroup = B4B7F09A206D5ADA00074D30;
			productRefGroup = B4B7F0A4206D5ADA00074D30 /* Products */;
			projectDirPath = "";
			projectRoot = "";
			targets = (
				B4B7F0A2206D5ADA00074D30 /* RxSwift_JS18_T_NETWORK */,
			);
		};
/* End PBXProject section */

/* Begin PBXResourcesBuildPhase section */
		B4B7F0A1206D5ADA00074D30 /* Resources */ = {
			isa = PBXResourcesBuildPhase;
			buildActionMask = 2147483647;
			files = (
				B4B7F0B1206D5ADA00074D30 /* LaunchScreen.storyboard in Resources */,
				B4B7F0AE206D5ADA00074D30 /* Assets.xcassets in Resources */,
				B4B7F0AC206D5ADA00074D30 /* Main.storyboard in Resources */,
			);
			runOnlyForDeploymentPostprocessing = 0;
		};
/* End PBXResourcesBuildPhase section */

/* Begin PBXShellScriptBuildPhase section */
		0004D277F16D9B69F4163BCA /* [CP] Copy Pods Resources */ = {
			isa = PBXShellScriptBuildPhase;
			buildActionMask = 2147483647;
			files = (
			);
			inputPaths = (
			);
			name = "[CP] Copy Pods Resources";
			outputPaths = (
			);
			runOnlyForDeploymentPostprocessing = 0;
			shellPath = /bin/sh;
			shellScript = "\"${SRCROOT}/Pods/Target Support Files/Pods-RxSwift_JS18_T_NETWORK/Pods-RxSwift_JS18_T_NETWORK-resources.sh\"\n";
			showEnvVarsInLog = 0;
		};
		9F0749AFC3F1DEDA80FA4B7D /* [CP] Check Pods Manifest.lock */ = {
			isa = PBXShellScriptBuildPhase;
			buildActionMask = 2147483647;
			files = (
			);
			inputPaths = (
				"${PODS_PODFILE_DIR_PATH}/Podfile.lock",
				"${PODS_ROOT}/Manifest.lock",
			);
			name = "[CP] Check Pods Manifest.lock";
			outputPaths = (
				"$(DERIVED_FILE_DIR)/Pods-RxSwift_JS18_T_NETWORK-checkManifestLockResult.txt",
			);
			runOnlyForDeploymentPostprocessing = 0;
			shellPath = /bin/sh;
			shellScript = "diff \"${PODS_PODFILE_DIR_PATH}/Podfile.lock\" \"${PODS_ROOT}/Manifest.lock\" > /dev/null\nif [ $? != 0 ] ; then\n    # print error to STDERR\n    echo \"error: The sandbox is not in sync with the Podfile.lock. Run 'pod install' or update your CocoaPods installation.\" >&2\n    exit 1\nfi\n# This output is used by Xcode 'outputs' to avoid re-running this script phase.\necho \"SUCCESS\" > \"${SCRIPT_OUTPUT_FILE_0}\"\n";
			showEnvVarsInLog = 0;
		};
		DDC74276F913BA074AC3C234 /* [CP] Embed Pods Frameworks */ = {
			isa = PBXShellScriptBuildPhase;
			buildActionMask = 2147483647;
			files = (
			);
			inputPaths = (
				"${SRCROOT}/Pods/Target Support Files/Pods-RxSwift_JS18_T_NETWORK/Pods-RxSwift_JS18_T_NETWORK-frameworks.sh",
				"${BUILT_PRODUCTS_DIR}/Differentiator/Differentiator.framework",
				"${BUILT_PRODUCTS_DIR}/RxCocoa/RxCocoa.framework",
				"${BUILT_PRODUCTS_DIR}/RxDataSources/RxDataSources.framework",
				"${BUILT_PRODUCTS_DIR}/RxSwift/RxSwift.framework",
			);
			name = "[CP] Embed Pods Frameworks";
			outputPaths = (
				"${TARGET_BUILD_DIR}/${FRAMEWORKS_FOLDER_PATH}/Differentiator.framework",
				"${TARGET_BUILD_DIR}/${FRAMEWORKS_FOLDER_PATH}/RxCocoa.framework",
				"${TARGET_BUILD_DIR}/${FRAMEWORKS_FOLDER_PATH}/RxDataSources.framework",
				"${TARGET_BUILD_DIR}/${FRAMEWORKS_FOLDER_PATH}/RxSwift.framework",
			);
			runOnlyForDeploymentPostprocessing = 0;
			shellPath = /bin/sh;
			shellScript = "\"${SRCROOT}/Pods/Target Support Files/Pods-RxSwift_JS18_T_NETWORK/Pods-RxSwift_JS18_T_NETWORK-frameworks.sh\"\n";
			showEnvVarsInLog = 0;
		};
/* End PBXShellScriptBuildPhase section */

/* Begin PBXSourcesBuildPhase section */
		B4B7F09F206D5ADA00074D30 /* Sources */ = {
			isa = PBXSourcesBuildPhase;
			buildActionMask = 2147483647;
			files = (
				B4B7F0A9206D5ADA00074D30 /* ViewController.swift in Sources */,
				B4B7F0B9206D5C7400074D30 /* ViewModel.swift in Sources */,
				B4B7F0BF206E34C400074D30 /* Parser.swift in Sources */,
				B4B7F0A7206D5ADA00074D30 /* AppDelegate.swift in Sources */,
				B4B7F0BD206E31A400074D30 /* Provider.swift in Sources */,
				B4B7F0BB206E2B0E00074D30 /* Repository.swift in Sources */,
			);
			runOnlyForDeploymentPostprocessing = 0;
		};
/* End PBXSourcesBuildPhase section */

/* Begin PBXVariantGroup section */
		B4B7F0AA206D5ADA00074D30 /* Main.storyboard */ = {
			isa = PBXVariantGroup;
			children = (
				B4B7F0AB206D5ADA00074D30 /* Base */,
			);
			name = Main.storyboard;
			sourceTree = "<group>";
		};
		B4B7F0AF206D5ADA00074D30 /* LaunchScreen.storyboard */ = {
			isa = PBXVariantGroup;
			children = (
				B4B7F0B0206D5ADA00074D30 /* Base */,
			);
			name = LaunchScreen.storyboard;
			sourceTree = "<group>";
		};
/* End PBXVariantGroup section */

/* Begin XCBuildConfiguration section */
		B4B7F0B3206D5ADA00074D30 /* Debug */ = {
			isa = XCBuildConfiguration;
			buildSettings = {
				ALWAYS_SEARCH_USER_PATHS = NO;
				CLANG_ANALYZER_NONNULL = YES;
				CLANG_ANALYZER_NUMBER_OBJECT_CONVERSION = YES_AGGRESSIVE;
				CLANG_CXX_LANGUAGE_STANDARD = "gnu++14";
				CLANG_CXX_LIBRARY = "libc++";
				CLANG_ENABLE_MODULES = YES;
				CLANG_ENABLE_OBJC_ARC = YES;
				CLANG_WARN_BLOCK_CAPTURE_AUTORELEASING = YES;
				CLANG_WARN_BOOL_CONVERSION = YES;
				CLANG_WARN_COMMA = YES;
				CLANG_WARN_CONSTANT_CONVERSION = YES;
				CLANG_WARN_DIRECT_OBJC_ISA_USAGE = YES_ERROR;
				CLANG_WARN_DOCUMENTATION_COMMENTS = YES;
				CLANG_WARN_EMPTY_BODY = YES;
				CLANG_WARN_ENUM_CONVERSION = YES;
				CLANG_WARN_INFINITE_RECURSION = YES;
				CLANG_WARN_INT_CONVERSION = YES;
				CLANG_WARN_NON_LITERAL_NULL_CONVERSION = YES;
				CLANG_WARN_OBJC_LITERAL_CONVERSION = YES;
				CLANG_WARN_OBJC_ROOT_CLASS = YES_ERROR;
				CLANG_WARN_RANGE_LOOP_ANALYSIS = YES;
				CLANG_WARN_STRICT_PROTOTYPES = YES;
				CLANG_WARN_SUSPICIOUS_MOVE = YES;
				CLANG_WARN_UNGUARDED_AVAILABILITY = YES_AGGRESSIVE;
				CLANG_WARN_UNREACHABLE_CODE = YES;
				CLANG_WARN__DUPLICATE_METHOD_MATCH = YES;
				CODE_SIGN_IDENTITY = "iPhone Developer";
				COPY_PHASE_STRIP = NO;
				DEBUG_INFORMATION_FORMAT = dwarf;
				ENABLE_STRICT_OBJC_MSGSEND = YES;
				ENABLE_TESTABILITY = YES;
				GCC_C_LANGUAGE_STANDARD = gnu11;
				GCC_DYNAMIC_NO_PIC = NO;
				GCC_NO_COMMON_BLOCKS = YES;
				GCC_OPTIMIZATION_LEVEL = 0;
				GCC_PREPROCESSOR_DEFINITIONS = (
					"DEBUG=1",
					"$(inherited)",
				);
				GCC_WARN_64_TO_32_BIT_CONVERSION = YES;
				GCC_WARN_ABOUT_RETURN_TYPE = YES_ERROR;
				GCC_WARN_UNDECLARED_SELECTOR = YES;
				GCC_WARN_UNINITIALIZED_AUTOS = YES_AGGRESSIVE;
				GCC_WARN_UNUSED_FUNCTION = YES;
				GCC_WARN_UNUSED_VARIABLE = YES;
				IPHONEOS_DEPLOYMENT_TARGET = 11.2;
				MTL_ENABLE_DEBUG_INFO = YES;
				ONLY_ACTIVE_ARCH = YES;
				SDKROOT = iphoneos;
				SWIFT_ACTIVE_COMPILATION_CONDITIONS = DEBUG;
				SWIFT_OPTIMIZATION_LEVEL = "-Onone";
			};
			name = Debug;
		};
		B4B7F0B4206D5ADA00074D30 /* Release */ = {
			isa = XCBuildConfiguration;
			buildSettings = {
				ALWAYS_SEARCH_USER_PATHS = NO;
				CLANG_ANALYZER_NONNULL = YES;
				CLANG_ANALYZER_NUMBER_OBJECT_CONVERSION = YES_AGGRESSIVE;
				CLANG_CXX_LANGUAGE_STANDARD = "gnu++14";
				CLANG_CXX_LIBRARY = "libc++";
				CLANG_ENABLE_MODULES = YES;
				CLANG_ENABLE_OBJC_ARC = YES;
				CLANG_WARN_BLOCK_CAPTURE_AUTORELEASING = YES;
				CLANG_WARN_BOOL_CONVERSION = YES;
				CLANG_WARN_COMMA = YES;
				CLANG_WARN_CONSTANT_CONVERSION = YES;
				CLANG_WARN_DIRECT_OBJC_ISA_USAGE = YES_ERROR;
				CLANG_WARN_DOCUMENTATION_COMMENTS = YES;
				CLANG_WARN_EMPTY_BODY = YES;
				CLANG_WARN_ENUM_CONVERSION = YES;
				CLANG_WARN_INFINITE_RECURSION = YES;
				CLANG_WARN_INT_CONVERSION = YES;
				CLANG_WARN_NON_LITERAL_NULL_CONVERSION = YES;
				CLANG_WARN_OBJC_LITERAL_CONVERSION = YES;
				CLANG_WARN_OBJC_ROOT_CLASS = YES_ERROR;
				CLANG_WARN_RANGE_LOOP_ANALYSIS = YES;
				CLANG_WARN_STRICT_PROTOTYPES = YES;
				CLANG_WARN_SUSPICIOUS_MOVE = YES;
				CLANG_WARN_UNGUARDED_AVAILABILITY = YES_AGGRESSIVE;
				CLANG_WARN_UNREACHABLE_CODE = YES;
				CLANG_WARN__DUPLICATE_METHOD_MATCH = YES;
				CODE_SIGN_IDENTITY = "iPhone Developer";
				COPY_PHASE_STRIP = NO;
				DEBUG_INFORMATION_FORMAT = "dwarf-with-dsym";
				ENABLE_NS_ASSERTIONS = NO;
				ENABLE_STRICT_OBJC_MSGSEND = YES;
				GCC_C_LANGUAGE_STANDARD = gnu11;
				GCC_NO_COMMON_BLOCKS = YES;
				GCC_WARN_64_TO_32_BIT_CONVERSION = YES;
				GCC_WARN_ABOUT_RETURN_TYPE = YES_ERROR;
				GCC_WARN_UNDECLARED_SELECTOR = YES;
				GCC_WARN_UNINITIALIZED_AUTOS = YES_AGGRESSIVE;
				GCC_WARN_UNUSED_FUNCTION = YES;
				GCC_WARN_UNUSED_VARIABLE = YES;
				IPHONEOS_DEPLOYMENT_TARGET = 11.2;
				MTL_ENABLE_DEBUG_INFO = NO;
				SDKROOT = iphoneos;
				SWIFT_OPTIMIZATION_LEVEL = "-Owholemodule";
				VALIDATE_PRODUCT = YES;
			};
			name = Release;
		};
		B4B7F0B6206D5ADA00074D30 /* Debug */ = {
			isa = XCBuildConfiguration;
			baseConfigurationReference = 4D7177E6DB8B62FB0E212D58 /* Pods-RxSwift_JS18_T_NETWORK.debug.xcconfig */;
			buildSettings = {
				ASSETCATALOG_COMPILER_APPICON_NAME = AppIcon;
				CODE_SIGN_STYLE = Automatic;
				DEVELOPMENT_TEAM = 2C7W4RF846;
				INFOPLIST_FILE = RxSwift_JS18_T_NETWORK/Info.plist;
				LD_RUNPATH_SEARCH_PATHS = "$(inherited) @executable_path/Frameworks";
				PRODUCT_BUNDLE_IDENTIFIER = "com.icologic.iOS.RxSwift-JS18-T-NETWORK";
				PRODUCT_NAME = "$(TARGET_NAME)";
				SWIFT_VERSION = 4.0;
				TARGETED_DEVICE_FAMILY = "1,2";
			};
			name = Debug;
		};
		B4B7F0B7206D5ADA00074D30 /* Release */ = {
			isa = XCBuildConfiguration;
			baseConfigurationReference = 77AAF2F337ECE7E2CF8C2C06 /* Pods-RxSwift_JS18_T_NETWORK.release.xcconfig */;
			buildSettings = {
				ASSETCATALOG_COMPILER_APPICON_NAME = AppIcon;
				CODE_SIGN_STYLE = Automatic;
				DEVELOPMENT_TEAM = 2C7W4RF846;
				INFOPLIST_FILE = RxSwift_JS18_T_NETWORK/Info.plist;
				LD_RUNPATH_SEARCH_PATHS = "$(inherited) @executable_path/Frameworks";
				PRODUCT_BUNDLE_IDENTIFIER = "com.icologic.iOS.RxSwift-JS18-T-NETWORK";
				PRODUCT_NAME = "$(TARGET_NAME)";
				SWIFT_VERSION = 4.0;
				TARGETED_DEVICE_FAMILY = "1,2";
			};
			name = Release;
		};
/* End XCBuildConfiguration section */

/* Begin XCConfigurationList section */
		B4B7F09E206D5ADA00074D30 /* Build configuration list for PBXProject "RxSwift_JS18_T_NETWORK" */ = {
			isa = XCConfigurationList;
			buildConfigurations = (
				B4B7F0B3206D5ADA00074D30 /* Debug */,
				B4B7F0B4206D5ADA00074D30 /* Release */,
			);
			defaultConfigurationIsVisible = 0;
			defaultConfigurationName = Release;
		};
		B4B7F0B5206D5ADA00074D30 /* Build configuration list for PBXNativeTarget "RxSwift_JS18_T_NETWORK" */ = {
			isa = XCConfigurationList;
			buildConfigurations = (
				B4B7F0B6206D5ADA00074D30 /* Debug */,
				B4B7F0B7206D5ADA00074D30 /* Release */,
			);
			defaultConfigurationIsVisible = 0;
			defaultConfigurationName = Release;
		};
/* End XCConfigurationList section */
	};
	rootObject = B4B7F09B206D5ADA00074D30 /* Project object */;
}
